#MicroXplorer Configuration settings - do not modify
Mcu.Family=STM32F0
ProjectManager.MainLocation=Core/Src
RCC.USART1Freq_Value=48000000
ProjectManager.ProjectFileName=guitar-actuator-board.ioc
ProjectManager.KeepUserCode=true
Mcu.UserName=STM32F030F4Px
Mcu.PinsNb=7
ProjectManager.NoMain=false
TIM1.IPParameters=Channel-PWM Generation2 CH2,Prescaler,Period
USART1.BaudRate=31250
RCC.PLLCLKFreq_Value=48000000
ProjectManager.functionlistsort=1-SystemClock_Config-RCC-false-HAL-false,2-MX_GPIO_Init-GPIO-false-HAL-true,3-MX_TIM1_Init-TIM1-false-HAL-true,4-MX_USART1_UART_Init-USART1-false-HAL-true
ProjectManager.DefaultFWLocation=true
NVIC.SVC_IRQn=true\:0\:0\:false\:false\:true\:false\:false
ProjectManager.DeletePrevious=true
USART1.IPParameters=VirtualMode-Asynchronous,BaudRate,DataInvertParam,OverrunDisableParam
PinOutPanel.RotationAngle=0
RCC.FamilyName=M
RCC.SYSCLKSource=RCC_SYSCLKSOURCE_PLLCLK
ProjectManager.StackSize=0x400
USART1.VirtualMode-Asynchronous=VM_ASYNC
PA3.Mode=Asynchronous
PA13.Signal=SYS_SWDIO
Mcu.IP4=USART1
RCC.FCLKCortexFreq_Value=48000000
Mcu.IP2=SYS
Mcu.IP3=TIM1
Mcu.IP0=NVIC
Mcu.IP1=RCC
TIM1.Prescaler=1
PA4.PinState=GPIO_PIN_RESET
Mcu.UserConstants=
ProjectManager.TargetToolchain=STM32CubeIDE
Mcu.ThirdPartyNb=0
RCC.HCLKFreq_Value=48000000
USART1.DataInvertParam=ADVFEATURE_DATAINV_DISABLE
Mcu.IPNb=5
ProjectManager.PreviousToolchain=
PA9.Signal=S_TIM1_CH2
TIM1.Channel-PWM\ Generation2\ CH2=TIM_CHANNEL_2
Mcu.Pin6=VP_SYS_VS_Systick
ProjectManager.RegisterCallBack=
RCC.AHBFreq_Value=48000000
Mcu.Pin0=PA2
Mcu.Pin1=PA3
SH.S_TIM1_CH2.ConfNb=1
Mcu.Pin2=PA4
Mcu.Pin3=PA9
Mcu.Pin4=PA13
Mcu.Pin5=PA14
ProjectManager.ProjectBuild=false
board=custom
PA4.Locked=true
NVIC.SysTick_IRQn=true\:0\:0\:false\:false\:true\:false\:true
ProjectManager.LastFirmware=false
RCC.PLLMUL=RCC_PLL_MUL12
ProjectManager.FirmwarePackage=STM32Cube FW_F0 V1.11.2
MxDb.Version=DB.6.0.20
ProjectManager.BackupPrevious=false
MxCube.Version=6.2.0
SH.S_TIM1_CH2.0=TIM1_CH2,PWM Generation2 CH2
PA14.Mode=Serial_Wire
USART1.OverrunDisableParam=ADVFEATURE_OVERRUN_DISABLE
File.Version=6
VP_SYS_VS_Systick.Mode=SysTick
PA9.Locked=true
NVIC.NonMaskableInt_IRQn=true\:0\:0\:false\:false\:true\:false\:false
PA4.GPIOParameters=PinState,GPIO_Label
NVIC.PendSV_IRQn=true\:0\:0\:false\:false\:true\:false\:false
PA13.Mode=Serial_Wire
ProjectManager.FreePins=false
RCC.IPParameters=AHBFreq_Value,APB1Freq_Value,APB1TimFreq_Value,FCLKCortexFreq_Value,FamilyName,HCLKFreq_Value,PLLCLKFreq_Value,PLLMUL,SYSCLKFreq_VALUE,SYSCLKSource,TimSysFreq_Value,USART1Freq_Value
ProjectManager.AskForMigrate=true
Mcu.Name=STM32F030F4Px
ProjectManager.HalAssertFull=false
PA2.Signal=USART1_TX
ProjectManager.ProjectName=guitar-actuator-board
ProjectManager.UnderRoot=true
ProjectManager.CoupleFile=false
PA4.Signal=GPIO_Output
RCC.SYSCLKFreq_VALUE=48000000
Mcu.Package=TSSOP20
RCC.TimSysFreq_Value=48000000
NVIC.ForceEnableDMAVector=true
KeepUserPlacement=false
ProjectManager.CompilerOptimize=6
ProjectManager.ToolChainLocation=
VP_SYS_VS_Systick.Signal=SYS_VS_Systick
PA14.Signal=SYS_SWCLK
ProjectManager.HeapSize=0x200
NVIC.HardFault_IRQn=true\:0\:0\:false\:false\:true\:false\:false
ProjectManager.ComputerToolchain=false
RCC.APB1TimFreq_Value=48000000
PA2.Mode=Asynchronous
TIM1.Period=65535
RCC.APB1Freq_Value=48000000
PA4.GPIO_Label=led
ProjectManager.CustomerFirmwarePackage=
ProjectManager.DeviceId=STM32F030F4Px
ProjectManager.LibraryCopy=1
PA3.Signal=USART1_RX
isbadioc=false
